
Microsoft Visual Studio Solution File, Format Version 12.00
# Visual Studio Version 17
VisualStudioVersion = 17.8.34322.80
MinimumVisualStudioVersion = 10.0.40219.1
Project("{FAE04EC0-301F-11D3-BF4B-00C04F79EFBC}") = "Coding Challenge - Order Management System", "Coding Challenge - Order Management System\Coding Challenge - Order Management System.csproj", "{2C4DD76F-BD29-43D2-BB78-86CC1E656DFD}"
EndProject
Global
	GlobalSection(SolutionConfigurationPlatforms) = preSolution
		Debug|Any CPU = Debug|Any CPU
		Release|Any CPU = Release|Any CPU
	EndGlobalSection
	GlobalSection(ProjectConfigurationPlatforms) = postSolution
		{2C4DD76F-BD29-43D2-BB78-86CC1E656DFD}.Debug|Any CPU.ActiveCfg = Debug|Any CPU
		{2C4DD76F-BD29-43D2-BB78-86CC1E656DFD}.Debug|Any CPU.Build.0 = Debug|Any CPU
		{2C4DD76F-BD29-43D2-BB78-86CC1E656DFD}.Release|Any CPU.ActiveCfg = Release|Any CPU
		{2C4DD76F-BD29-43D2-BB78-86CC1E656DFD}.Release|Any CPU.Build.0 = Release|Any CPU
	EndGlobalSection
	GlobalSection(SolutionProperties) = preSolution
		HideSolutionNode = FALSE
	EndGlobalSection
	GlobalSection(ExtensibilityGlobals) = postSolution
		SolutionGuid = {5D7512BB-3313-493B-B40F-023DFE1B3194}
	EndGlobalSection
EndGlobal
